
Microsoft Visual Studio Solution File, Format Version 12.00
# Visual Studio Version 16
VisualStudioVersion = 16.0.31005.135
MinimumVisualStudioVersion = 10.0.40219.1
Project("{9A19103F-16F7-4668-BE54-9A1E7A4F7556}") = "Mesi Software", "Mesi Software\Mesi Software.csproj", "{378BD296-1642-4700-BEE2-638623C32929}"
EndProject
Project("{FAE04EC0-301F-11D3-BF4B-00C04F79EFBC}") = "TestUnitaire_MesiSoftware", "TestUnitaire_MesiSoftware\TestUnitaire_MesiSoftware.csproj", "{491C14AE-A467-43A5-818A-E72C304EC973}"
EndProject
Global
	GlobalSection(SolutionConfigurationPlatforms) = preSolution
		Debug|Any CPU = Debug|Any CPU
		Release|Any CPU = Release|Any CPU
	EndGlobalSection
	GlobalSection(ProjectConfigurationPlatforms) = postSolution
		{378BD296-1642-4700-BEE2-638623C32929}.Debug|Any CPU.ActiveCfg = Debug|Any CPU
		{378BD296-1642-4700-BEE2-638623C32929}.Debug|Any CPU.Build.0 = Debug|Any CPU
		{378BD296-1642-4700-BEE2-638623C32929}.Release|Any CPU.ActiveCfg = Release|Any CPU
		{378BD296-1642-4700-BEE2-638623C32929}.Release|Any CPU.Build.0 = Release|Any CPU
		{491C14AE-A467-43A5-818A-E72C304EC973}.Debug|Any CPU.ActiveCfg = Debug|Any CPU
		{491C14AE-A467-43A5-818A-E72C304EC973}.Debug|Any CPU.Build.0 = Debug|Any CPU
		{491C14AE-A467-43A5-818A-E72C304EC973}.Release|Any CPU.ActiveCfg = Release|Any CPU
		{491C14AE-A467-43A5-818A-E72C304EC973}.Release|Any CPU.Build.0 = Release|Any CPU
	EndGlobalSection
	GlobalSection(SolutionProperties) = preSolution
		HideSolutionNode = FALSE
	EndGlobalSection
	GlobalSection(ExtensibilityGlobals) = postSolution
		SolutionGuid = {BD6F4AEB-9352-4ED3-B8A1-48553AB16CDF}
	EndGlobalSection
EndGlobal
